{
    "name": "Angular_express_node_mongodb",
    "lockfileVersion": 3,
    "requires": true,
    "packages": {
        "": {
            "dependencies": {
                "@prisma/client": "^5.21.1",
                "prisma": "^5.21.1"
            },
            "devDependencies": {
                "@types/cors": "^2.8.17",
                "@types/express": "^5.0.0",
                "@types/node": "^22.7.8",
                "typescript": "^5.6.3"
            }
        },
        "node_modules/@prisma/client": {
            "version": "5.22.0",
            "resolved": "https://registry.npmjs.org/@prisma/client/-/client-5.22.0.tgz",
            "integrity": "sha512-M0SVXfyHnQREBKxCgyo7sffrKttwE6R8PMq330MIUF0pTwjUhLbW84pFDlf06B27XyCR++VtjugEnIHdr07SVA==",
            "hasInstallScript": true,
            "license": "Apache-2.0",
            "engines": {
                "node": ">=16.13"
            },
            "peerDependencies": {
                "prisma": "*"
            },
            "peerDependenciesMeta": {
                "prisma": {
                    "optional": true
                }
            }
        },
        "node_modules/@prisma/debug": {
            "version": "5.22.0",
            "resolved": "https://registry.npmjs.org/@prisma/debug/-/debug-5.22.0.tgz",
            "integrity": "sha512-AUt44v3YJeggO2ZU5BkXI7M4hu9BF2zzH2iF2V5pyXT/lRTyWiElZ7It+bRH1EshoMRxHgpYg4VB6rCM+mG5jQ==",
            "license": "Apache-2.0"
        },
        "node_modules/@prisma/engines": {
            "version": "5.22.0",
            "resolved": "https://registry.npmjs.org/@prisma/engines/-/engines-5.22.0.tgz",
            "integrity": "sha512-UNjfslWhAt06kVL3CjkuYpHAWSO6L4kDCVPegV6itt7nD1kSJavd3vhgAEhjglLJJKEdJ7oIqDJ+yHk6qO8gPA==",
            "hasInstallScript": true,
            "license": "Apache-2.0",
            "dependencies": {
                "@prisma/debug": "5.22.0",
                "@prisma/engines-version": "5.22.0-44.605197351a3c8bdd595af2d2a9bc3025bca48ea2",
                "@prisma/fetch-engine": "5.22.0",
                "@prisma/get-platform": "5.22.0"
            }
        },
        "node_modules/@prisma/engines-version": {
            "version": "5.22.0-44.605197351a3c8bdd595af2d2a9bc3025bca48ea2",
            "resolved": "https://registry.npmjs.org/@prisma/engines-version/-/engines-version-5.22.0-44.605197351a3c8bdd595af2d2a9bc3025bca48ea2.tgz",
            "integrity": "sha512-2PTmxFR2yHW/eB3uqWtcgRcgAbG1rwG9ZriSvQw+nnb7c4uCr3RAcGMb6/zfE88SKlC1Nj2ziUvc96Z379mHgQ==",
            "license": "Apache-2.0"
        },
        "node_modules/@prisma/fetch-engine": {
            "version": "5.22.0",
            "resolved": "https://registry.npmjs.org/@prisma/fetch-engine/-/fetch-engine-5.22.0.tgz",
            "integrity": "sha512-bkrD/Mc2fSvkQBV5EpoFcZ87AvOgDxbG99488a5cexp5Ccny+UM6MAe/UFkUC0wLYD9+9befNOqGiIJhhq+HbA==",
            "license": "Apache-2.0",
            "dependencies": {
                "@prisma/debug": "5.22.0",
                "@prisma/engines-version": "5.22.0-44.605197351a3c8bdd595af2d2a9bc3025bca48ea2",
                "@prisma/get-platform": "5.22.0"
            }
        },
        "node_modules/@prisma/get-platform": {
            "version": "5.22.0",
            "resolved": "https://registry.npmjs.org/@prisma/get-platform/-/get-platform-5.22.0.tgz",
            "integrity": "sha512-pHhpQdr1UPFpt+zFfnPazhulaZYCUqeIcPpJViYoq9R+D/yw4fjE+CtnsnKzPYm0ddUbeXUzjGVGIRVgPDCk4Q==",
            "license": "Apache-2.0",
            "dependencies": {
                "@prisma/debug": "5.22.0"
            }
        },
        "node_modules/@types/body-parser": {
            "version": "1.19.5",
            "resolved": "https://registry.npmjs.org/@types/body-parser/-/body-parser-1.19.5.tgz",
            "integrity": "sha512-fB3Zu92ucau0iQ0JMCFQE7b/dv8Ot07NI3KaZIkIUNXq82k4eBAqUaneXfleGY9JWskeS9y+u0nXMyspcuQrCg==",
            "dev": true,
            "license": "MIT",
            "dependencies": {
                "@types/connect": "*",
                "@types/node": "*"
            }
        },
        "node_modules/@types/connect": {
            "version": "3.4.38",
            "resolved": "https://registry.npmjs.org/@types/connect/-/connect-3.4.38.tgz",
            "integrity": "sha512-K6uROf1LD88uDQqJCktA4yzL1YYAK6NgfsI0v/mTgyPKWsX1CnJ0XPSDhViejru1GcRkLWb8RlzFYJRqGUbaug==",
            "dev": true,
            "license": "MIT",
            "dependencies": {
                "@types/node": "*"
            }
        },
        "node_modules/@types/cors": {
            "version": "2.8.17",
            "resolved": "https://registry.npmjs.org/@types/cors/-/cors-2.8.17.tgz",
            "integrity": "sha512-8CGDvrBj1zgo2qE+oS3pOCyYNqCPryMWY2bGfwA0dcfopWGgxs+78df0Rs3rc9THP4JkOhLsAa+15VdpAqkcUA==",
            "dev": true,
            "license": "MIT",
            "dependencies": {
                "@types/node": "*"
            }
        },
        "node_modules/@types/express": {
            "version": "5.0.0",
            "resolved": "https://registry.npmjs.org/@types/express/-/express-5.0.0.tgz",
            "integrity": "sha512-DvZriSMehGHL1ZNLzi6MidnsDhUZM/x2pRdDIKdwbUNqqwHxMlRdkxtn6/EPKyqKpHqTl/4nRZsRNLpZxZRpPQ==",
            "dev": true,
            "license": "MIT",
            "dependencies": {
                "@types/body-parser": "*",
                "@types/express-serve-static-core": "^5.0.0",
                "@types/qs": "*",
                "@types/serve-static": "*"
            }
        },
        "node_modules/@types/express-serve-static-core": {
            "version": "5.0.1",
            "resolved": "https://registry.npmjs.org/@types/express-serve-static-core/-/express-serve-static-core-5.0.1.tgz",
            "integrity": "sha512-CRICJIl0N5cXDONAdlTv5ShATZ4HEwk6kDDIW2/w9qOWKg+NU/5F8wYRWCrONad0/UKkloNSmmyN/wX4rtpbVA==",
            "dev": true,
            "license": "MIT",
            "dependencies": {
                "@types/node": "*",
                "@types/qs": "*",
                "@types/range-parser": "*",
                "@types/send": "*"
            }
        },
        "node_modules/@types/http-errors": {
            "version": "2.0.4",
            "resolved": "https://registry.npmjs.org/@types/http-errors/-/http-errors-2.0.4.tgz",
            "integrity": "sha512-D0CFMMtydbJAegzOyHjtiKPLlvnm3iTZyZRSZoLq2mRhDdmLfIWOCYPfQJ4cu2erKghU++QvjcUjp/5h7hESpA==",
            "dev": true,
            "license": "MIT"
        },
        "node_modules/@types/mime": {
            "version": "1.3.5",
            "resolved": "https://registry.npmjs.org/@types/mime/-/mime-1.3.5.tgz",
            "integrity": "sha512-/pyBZWSLD2n0dcHE3hq8s8ZvcETHtEuF+3E7XVt0Ig2nvsVQXdghHVcEkIWjy9A0wKfTn97a/PSDYohKIlnP/w==",
            "dev": true,
            "license": "MIT"
        },
        "node_modules/@types/node": {
            "version": "22.9.0",
            "resolved": "https://registry.npmjs.org/@types/node/-/node-22.9.0.tgz",
            "integrity": "sha512-vuyHg81vvWA1Z1ELfvLko2c8f34gyA0zaic0+Rllc5lbCnbSyuvb2Oxpm6TAUAC/2xZN3QGqxBNggD1nNR2AfQ==",
            "dev": true,
            "license": "MIT",
            "dependencies": {
                "undici-types": "~6.19.8"
            }
        },
        "node_modules/@types/qs": {
            "version": "6.9.17",
            "resolved": "https://registry.npmjs.org/@types/qs/-/qs-6.9.17.tgz",
            "integrity": "sha512-rX4/bPcfmvxHDv0XjfJELTTr+iB+tn032nPILqHm5wbthUUUuVtNGGqzhya9XUxjTP8Fpr0qYgSZZKxGY++svQ==",
            "dev": true,
            "license": "MIT"
        },
        "node_modules/@types/range-parser": {
            "version": "1.2.7",
            "resolved": "https://registry.npmjs.org/@types/range-parser/-/range-parser-1.2.7.tgz",
            "integrity": "sha512-hKormJbkJqzQGhziax5PItDUTMAM9uE2XXQmM37dyd4hVM+5aVl7oVxMVUiVQn2oCQFN/LKCZdvSM0pFRqbSmQ==",
            "dev": true,
            "license": "MIT"
        },
        "node_modules/@types/send": {
            "version": "0.17.4",
            "resolved": "https://registry.npmjs.org/@types/send/-/send-0.17.4.tgz",
            "integrity": "sha512-x2EM6TJOybec7c52BX0ZspPodMsQUd5L6PRwOunVyVUhXiBSKf3AezDL8Dgvgt5o0UfKNfuA0eMLr2wLT4AiBA==",
            "dev": true,
            "license": "MIT",
            "dependencies": {
                "@types/mime": "^1",
                "@types/node": "*"
            }
        },
        "node_modules/@types/serve-static": {
            "version": "1.15.7",
            "resolved": "https://registry.npmjs.org/@types/serve-static/-/serve-static-1.15.7.tgz",
            "integrity": "sha512-W8Ym+h8nhuRwaKPaDw34QUkwsGi6Rc4yYqvKFo5rm2FUEhCFbzVWrxXUxuKK8TASjWsysJY0nsmNCGhCOIsrOw==",
            "dev": true,
            "license": "MIT",
            "dependencies": {
                "@types/http-errors": "*",
                "@types/node": "*",
                "@types/send": "*"
            }
        },
        "node_modules/fsevents": {
            "version": "2.3.3",
            "resolved": "https://registry.npmjs.org/fsevents/-/fsevents-2.3.3.tgz",
            "integrity": "sha512-5xoDfX+fL7faATnagmWPpbFtwh/R77WmMMqqHGS65C3vvB0YHrgF+B1YmZ3441tMj5n63k0212XNoJwzlhffQw==",
            "hasInstallScript": true,
            "license": "MIT",
            "optional": true,
            "os": [
                "darwin"
            ],
            "engines": {
                "node": "^8.16.0 || ^10.6.0 || >=11.0.0"
            }
        },
        "node_modules/prisma": {
            "version": "5.22.0",
            "resolved": "https://registry.npmjs.org/prisma/-/prisma-5.22.0.tgz",
            "integrity": "sha512-vtpjW3XuYCSnMsNVBjLMNkTj6OZbudcPPTPYHqX0CJfpcdWciI1dM8uHETwmDxxiqEwCIE6WvXucWUetJgfu/A==",
            "hasInstallScript": true,
            "license": "Apache-2.0",
            "dependencies": {
                "@prisma/engines": "5.22.0"
            },
            "bin": {
                "prisma": "build/index.js"
            },
            "engines": {
                "node": ">=16.13"
            },
            "optionalDependencies": {
                "fsevents": "2.3.3"
            }
        },
        "node_modules/typescript": {
            "version": "5.6.3",
            "resolved": "https://registry.npmjs.org/typescript/-/typescript-5.6.3.tgz",
            "integrity": "sha512-hjcS1mhfuyi4WW8IWtjP7brDrG2cuDZukyrYrSauoXGNgx0S7zceP07adYkJycEr56BOUTNPzbInooiN3fn1qw==",
            "dev": true,
            "license": "Apache-2.0",
            "bin": {
                "tsc": "bin/tsc",
                "tsserver": "bin/tsserver"
            },
            "engines": {
                "node": ">=14.17"
            }
        },
        "node_modules/undici-types": {
            "version": "6.19.8",
            "resolved": "https://registry.npmjs.org/undici-types/-/undici-types-6.19.8.tgz",
            "integrity": "sha512-ve2KP6f/JnbPBFyobGHuerC9g1FYGn/F8n1LWTwNxCEzd6IfqTwUQcNXgEtmmQ6DlRrC1hrSrBnCZPokRrDHjw==",
            "dev": true,
            "license": "MIT"
        }
    }
}
